
Microsoft Visual Studio Solution File, Format Version 12.00
Project("{FAE04EC0-301F-11D3-BF4B-00C04F79EFBC}") = "GestionCompetidores.Web", " GestionCompetidores.Web\GestionCompetidores.Web.csproj", "{E03DCFA8-8162-4365-8E73-808BFE8D9031}"
EndProject
Project("{FAE04EC0-301F-11D3-BF4B-00C04F79EFBC}") = "GestionCompetidores.Entidades", " GestionCompetidores.Entidades\GestionCompetidores.Entidades.csproj", "{98C9681A-B483-48BB-B445-B1EDA4074A2F}"
EndProject
Project("{FAE04EC0-301F-11D3-BF4B-00C04F79EFBC}") = "GestionCompetidores.Logica", "GestionCompetidores.Logica\GestionCompetidores.Logica.csproj", "{0144D14C-4618-42E7-ABA6-5D95665F2FF2}"
EndProject
Global
	GlobalSection(SolutionConfigurationPlatforms) = preSolution
		Debug|Any CPU = Debug|Any CPU
		Release|Any CPU = Release|Any CPU
	EndGlobalSection
	GlobalSection(ProjectConfigurationPlatforms) = postSolution
		{E03DCFA8-8162-4365-8E73-808BFE8D9031}.Debug|Any CPU.ActiveCfg = Debug|Any CPU
		{E03DCFA8-8162-4365-8E73-808BFE8D9031}.Debug|Any CPU.Build.0 = Debug|Any CPU
		{E03DCFA8-8162-4365-8E73-808BFE8D9031}.Release|Any CPU.ActiveCfg = Release|Any CPU
		{E03DCFA8-8162-4365-8E73-808BFE8D9031}.Release|Any CPU.Build.0 = Release|Any CPU
		{98C9681A-B483-48BB-B445-B1EDA4074A2F}.Debug|Any CPU.ActiveCfg = Debug|Any CPU
		{98C9681A-B483-48BB-B445-B1EDA4074A2F}.Debug|Any CPU.Build.0 = Debug|Any CPU
		{98C9681A-B483-48BB-B445-B1EDA4074A2F}.Release|Any CPU.ActiveCfg = Release|Any CPU
		{98C9681A-B483-48BB-B445-B1EDA4074A2F}.Release|Any CPU.Build.0 = Release|Any CPU
		{0144D14C-4618-42E7-ABA6-5D95665F2FF2}.Debug|Any CPU.ActiveCfg = Debug|Any CPU
		{0144D14C-4618-42E7-ABA6-5D95665F2FF2}.Debug|Any CPU.Build.0 = Debug|Any CPU
		{0144D14C-4618-42E7-ABA6-5D95665F2FF2}.Release|Any CPU.ActiveCfg = Release|Any CPU
		{0144D14C-4618-42E7-ABA6-5D95665F2FF2}.Release|Any CPU.Build.0 = Release|Any CPU
	EndGlobalSection
EndGlobal
